// !$*UTF8*$!
{
	archiveVersion = 1;
	classes = {
	};
	objectVersion = 50;
	objects = {

/* Begin PBXBuildFile section */
		6507F36322A7012100E446E2 /* AppDelegate.swift in Sources */ = {isa = PBXBuildFile; fileRef = 6507F36222A7012100E446E2 /* AppDelegate.swift */; };
		6507F36522A7012100E446E2 /* SceneDelegate.swift in Sources */ = {isa = PBXBuildFile; fileRef = 6507F36422A7012100E446E2 /* SceneDelegate.swift */; };
		6507F36722A7012100E446E2 /* LandmarkDetail.swift in Sources */ = {isa = PBXBuildFile; fileRef = 6507F36622A7012100E446E2 /* LandmarkDetail.swift */; };
		6507F36C22A7012600E446E2 /* Preview Assets.xcassets in Resources */ = {isa = PBXBuildFile; fileRef = 6507F36B22A7012600E446E2 /* Preview Assets.xcassets */; };
		6507F36F22A7012600E446E2 /* LaunchScreen.storyboard in Resources */ = {isa = PBXBuildFile; fileRef = 6507F36D22A7012600E446E2 /* LaunchScreen.storyboard */; };
		6507F37A22A7012600E446E2 /* LandmarksTests.swift in Sources */ = {isa = PBXBuildFile; fileRef = 6507F37922A7012600E446E2 /* LandmarksTests.swift */; };
		6507F38522A7012600E446E2 /* LandmarksUITests.swift in Sources */ = {isa = PBXBuildFile; fileRef = 6507F38422A7012600E446E2 /* LandmarksUITests.swift */; };
		651FA65A22AD1BA900009733 /* CircleImage.swift in Sources */ = {isa = PBXBuildFile; fileRef = 651FA65922AD1BA900009733 /* CircleImage.swift */; };
		6568C60B22AD1F5400ACED09 /* MapView.swift in Sources */ = {isa = PBXBuildFile; fileRef = 6568C60A22AD1F5400ACED09 /* MapView.swift */; };
		65F308A422AFD19000CE620B /* LandmarkList.swift in Sources */ = {isa = PBXBuildFile; fileRef = 65F308A322AFD19000CE620B /* LandmarkList.swift */; };
		65FF677822AD40880001B2C6 /* Landmark.swift in Sources */ = {isa = PBXBuildFile; fileRef = 65FF677722AD40880001B2C6 /* Landmark.swift */; };
		65FF677A22AD47DA0001B2C6 /* landmarkData.json in Resources */ = {isa = PBXBuildFile; fileRef = 65FF677922AD47DA0001B2C6 /* landmarkData.json */; };
		65FF677E22AD48D50001B2C6 /* LandmarkRow.swift in Sources */ = {isa = PBXBuildFile; fileRef = 65FF677D22AD48D50001B2C6 /* LandmarkRow.swift */; };
		65FF678322ADECAA0001B2C6 /* Data.swift in Sources */ = {isa = PBXBuildFile; fileRef = 65FF678222ADECAA0001B2C6 /* Data.swift */; };
		65FF678522AF1A6A0001B2C6 /* Assets.xcassets in Resources */ = {isa = PBXBuildFile; fileRef = 65FF678422AF1A6A0001B2C6 /* Assets.xcassets */; };
		65FF679222AF1A940001B2C6 /* icybay.jpg in Resources */ = {isa = PBXBuildFile; fileRef = 65FF678622AF1A930001B2C6 /* icybay.jpg */; };
		65FF679322AF1A940001B2C6 /* twinlake.jpg in Resources */ = {isa = PBXBuildFile; fileRef = 65FF678722AF1A930001B2C6 /* twinlake.jpg */; };
		65FF679422AF1A940001B2C6 /* chilkoottrail.jpg in Resources */ = {isa = PBXBuildFile; fileRef = 65FF678822AF1A930001B2C6 /* chilkoottrail.jpg */; };
		65FF679522AF1A940001B2C6 /* umbagog.jpg in Resources */ = {isa = PBXBuildFile; fileRef = 65FF678922AF1A930001B2C6 /* umbagog.jpg */; };
		65FF679622AF1A940001B2C6 /* rainbowlake.jpg in Resources */ = {isa = PBXBuildFile; fileRef = 65FF678A22AF1A930001B2C6 /* rainbowlake.jpg */; };
		65FF679722AF1A940001B2C6 /* hiddenlake.jpg in Resources */ = {isa = PBXBuildFile; fileRef = 65FF678B22AF1A940001B2C6 /* hiddenlake.jpg */; };
		65FF679822AF1A940001B2C6 /* stmarylake.jpg in Resources */ = {isa = PBXBuildFile; fileRef = 65FF678C22AF1A940001B2C6 /* stmarylake.jpg */; };
		65FF679922AF1A940001B2C6 /* turtlerock.jpg in Resources */ = {isa = PBXBuildFile; fileRef = 65FF678D22AF1A940001B2C6 /* turtlerock.jpg */; };
		65FF679A22AF1A940001B2C6 /* yukon_charleyrivers.jpg in Resources */ = {isa = PBXBuildFile; fileRef = 65FF678E22AF1A940001B2C6 /* yukon_charleyrivers.jpg */; };
		65FF679B22AF1A940001B2C6 /* silversalmoncreek.jpg in Resources */ = {isa = PBXBuildFile; fileRef = 65FF678F22AF1A940001B2C6 /* silversalmoncreek.jpg */; };
		65FF679C22AF1A940001B2C6 /* lakemcdonald.jpg in Resources */ = {isa = PBXBuildFile; fileRef = 65FF679022AF1A940001B2C6 /* lakemcdonald.jpg */; };
		65FF679D22AF1A940001B2C6 /* chincoteague.jpg in Resources */ = {isa = PBXBuildFile; fileRef = 65FF679122AF1A940001B2C6 /* chincoteague.jpg */; };
/* End PBXBuildFile section */

/* Begin PBXContainerItemProxy section */
		6507F37622A7012600E446E2 /* PBXContainerItemProxy */ = {
			isa = PBXContainerItemProxy;
			containerPortal = 6507F35722A7012000E446E2 /* Project object */;
			proxyType = 1;
			remoteGlobalIDString = 6507F35E22A7012000E446E2;
			remoteInfo = Landmarks;
		};
		6507F38122A7012600E446E2 /* PBXContainerItemProxy */ = {
			isa = PBXContainerItemProxy;
			containerPortal = 6507F35722A7012000E446E2 /* Project object */;
			proxyType = 1;
			remoteGlobalIDString = 6507F35E22A7012000E446E2;
			remoteInfo = Landmarks;
		};
/* End PBXContainerItemProxy section */

/* Begin PBXFileReference section */
		6507F35F22A7012100E446E2 /* Landmarks.app */ = {isa = PBXFileReference; explicitFileType = wrapper.application; includeInIndex = 0; path = Landmarks.app; sourceTree = BUILT_PRODUCTS_DIR; };
		6507F36222A7012100E446E2 /* AppDelegate.swift */ = {isa = PBXFileReference; lastKnownFileType = sourcecode.swift; path = AppDelegate.swift; sourceTree = "<group>"; };
		6507F36422A7012100E446E2 /* SceneDelegate.swift */ = {isa = PBXFileReference; lastKnownFileType = sourcecode.swift; path = SceneDelegate.swift; sourceTree = "<group>"; };
		6507F36622A7012100E446E2 /* LandmarkDetail.swift */ = {isa = PBXFileReference; lastKnownFileType = sourcecode.swift; path = LandmarkDetail.swift; sourceTree = "<group>"; };
		6507F36B22A7012600E446E2 /* Preview Assets.xcassets */ = {isa = PBXFileReference; lastKnownFileType = folder.assetcatalog; path = "Preview Assets.xcassets"; sourceTree = "<group>"; };
		6507F36E22A7012600E446E2 /* Base */ = {isa = PBXFileReference; lastKnownFileType = file.storyboard; name = Base; path = Base.lproj/LaunchScreen.storyboard; sourceTree = "<group>"; };
		6507F37022A7012600E446E2 /* Info.plist */ = {isa = PBXFileReference; lastKnownFileType = text.plist.xml; path = Info.plist; sourceTree = "<group>"; };
		6507F37522A7012600E446E2 /* LandmarksTests.xctest */ = {isa = PBXFileReference; explicitFileType = wrapper.cfbundle; includeInIndex = 0; path = LandmarksTests.xctest; sourceTree = BUILT_PRODUCTS_DIR; };
		6507F37922A7012600E446E2 /* LandmarksTests.swift */ = {isa = PBXFileReference; lastKnownFileType = sourcecode.swift; path = LandmarksTests.swift; sourceTree = "<group>"; };
		6507F37B22A7012600E446E2 /* Info.plist */ = {isa = PBXFileReference; lastKnownFileType = text.plist.xml; path = Info.plist; sourceTree = "<group>"; };
		6507F38022A7012600E446E2 /* LandmarksUITests.xctest */ = {isa = PBXFileReference; explicitFileType = wrapper.cfbundle; includeInIndex = 0; path = LandmarksUITests.xctest; sourceTree = BUILT_PRODUCTS_DIR; };
		6507F38422A7012600E446E2 /* LandmarksUITests.swift */ = {isa = PBXFileReference; lastKnownFileType = sourcecode.swift; path = LandmarksUITests.swift; sourceTree = "<group>"; };
		6507F38622A7012600E446E2 /* Info.plist */ = {isa = PBXFileReference; lastKnownFileType = text.plist.xml; path = Info.plist; sourceTree = "<group>"; };
		651FA65922AD1BA900009733 /* CircleImage.swift */ = {isa = PBXFileReference; lastKnownFileType = sourcecode.swift; path = CircleImage.swift; sourceTree = "<group>"; };
		6568C60A22AD1F5400ACED09 /* MapView.swift */ = {isa = PBXFileReference; lastKnownFileType = sourcecode.swift; path = MapView.swift; sourceTree = "<group>"; };
		65F308A322AFD19000CE620B /* LandmarkList.swift */ = {isa = PBXFileReference; lastKnownFileType = sourcecode.swift; path = LandmarkList.swift; sourceTree = "<group>"; };
		65FF677722AD40880001B2C6 /* Landmark.swift */ = {isa = PBXFileReference; lastKnownFileType = sourcecode.swift; path = Landmark.swift; sourceTree = "<group>"; };
		65FF677922AD47DA0001B2C6 /* landmarkData.json */ = {isa = PBXFileReference; fileEncoding = 4; lastKnownFileType = text.json; path = landmarkData.json; sourceTree = "<group>"; };
		65FF677D22AD48D50001B2C6 /* LandmarkRow.swift */ = {isa = PBXFileReference; lastKnownFileType = sourcecode.swift; path = LandmarkRow.swift; sourceTree = "<group>"; };
		65FF678222ADECAA0001B2C6 /* Data.swift */ = {isa = PBXFileReference; lastKnownFileType = sourcecode.swift; path = Data.swift; sourceTree = "<group>"; };
		65FF678422AF1A6A0001B2C6 /* Assets.xcassets */ = {isa = PBXFileReference; lastKnownFileType = folder.assetcatalog; name = Assets.xcassets; path = ../BuildingListsAndNavigation/Complete/Landmarks/Landmarks/Assets.xcassets; sourceTree = "<group>"; };
		65FF678622AF1A930001B2C6 /* icybay.jpg */ = {isa = PBXFileReference; lastKnownFileType = image.jpeg; path = icybay.jpg; sourceTree = "<group>"; };
		65FF678722AF1A930001B2C6 /* twinlake.jpg */ = {isa = PBXFileReference; lastKnownFileType = image.jpeg; path = twinlake.jpg; sourceTree = "<group>"; };
		65FF678822AF1A930001B2C6 /* chilkoottrail.jpg */ = {isa = PBXFileReference; lastKnownFileType = image.jpeg; path = chilkoottrail.jpg; sourceTree = "<group>"; };
		65FF678922AF1A930001B2C6 /* umbagog.jpg */ = {isa = PBXFileReference; lastKnownFileType = image.jpeg; path = umbagog.jpg; sourceTree = "<group>"; };
		65FF678A22AF1A930001B2C6 /* rainbowlake.jpg */ = {isa = PBXFileReference; lastKnownFileType = image.jpeg; path = rainbowlake.jpg; sourceTree = "<group>"; };
		65FF678B22AF1A940001B2C6 /* hiddenlake.jpg */ = {isa = PBXFileReference; lastKnownFileType = image.jpeg; path = hiddenlake.jpg; sourceTree = "<group>"; };
		65FF678C22AF1A940001B2C6 /* stmarylake.jpg */ = {isa = PBXFileReference; lastKnownFileType = image.jpeg; path = stmarylake.jpg; sourceTree = "<group>"; };
		65FF678D22AF1A940001B2C6 /* turtlerock.jpg */ = {isa = PBXFileReference; lastKnownFileType = image.jpeg; path = turtlerock.jpg; sourceTree = "<group>"; };
		65FF678E22AF1A940001B2C6 /* yukon_charleyrivers.jpg */ = {isa = PBXFileReference; lastKnownFileType = image.jpeg; path = yukon_charleyrivers.jpg; sourceTree = "<group>"; };
		65FF678F22AF1A940001B2C6 /* silversalmoncreek.jpg */ = {isa = PBXFileReference; lastKnownFileType = image.jpeg; path = silversalmoncreek.jpg; sourceTree = "<group>"; };
		65FF679022AF1A940001B2C6 /* lakemcdonald.jpg */ = {isa = PBXFileReference; lastKnownFileType = image.jpeg; path = lakemcdonald.jpg; sourceTree = "<group>"; };
		65FF679122AF1A940001B2C6 /* chincoteague.jpg */ = {isa = PBXFileReference; lastKnownFileType = image.jpeg; path = chincoteague.jpg; sourceTree = "<group>"; };
/* End PBXFileReference section */

/* Begin PBXFrameworksBuildPhase section */
		6507F35C22A7012000E446E2 /* Frameworks */ = {
			isa = PBXFrameworksBuildPhase;
			buildActionMask = 2147483647;
			files = (
			);
			runOnlyForDeploymentPostprocessing = 0;
		};
		6507F37222A7012600E446E2 /* Frameworks */ = {
			isa = PBXFrameworksBuildPhase;
			buildActionMask = 2147483647;
			files = (
			);
			runOnlyForDeploymentPostprocessing = 0;
		};
		6507F37D22A7012600E446E2 /* Frameworks */ = {
			isa = PBXFrameworksBuildPhase;
			buildActionMask = 2147483647;
			files = (
			);
			runOnlyForDeploymentPostprocessing = 0;
		};
/* End PBXFrameworksBuildPhase section */

/* Begin PBXGroup section */
		6507F35622A7012000E446E2 = {
			isa = PBXGroup;
			children = (
				6507F36122A7012100E446E2 /* Landmarks */,
				65FF678422AF1A6A0001B2C6 /* Assets.xcassets */,
				6507F37822A7012600E446E2 /* LandmarksTests */,
				6507F38322A7012600E446E2 /* LandmarksUITests */,
				6507F36022A7012100E446E2 /* Products */,
			);
			sourceTree = "<group>";
		};
		6507F36022A7012100E446E2 /* Products */ = {
			isa = PBXGroup;
			children = (
				6507F35F22A7012100E446E2 /* Landmarks.app */,
				6507F37522A7012600E446E2 /* LandmarksTests.xctest */,
				6507F38022A7012600E446E2 /* LandmarksUITests.xctest */,
			);
			name = Products;
			sourceTree = "<group>";
		};
		6507F36122A7012100E446E2 /* Landmarks */ = {
			isa = PBXGroup;
			children = (
				6507F36D22A7012600E446E2 /* LaunchScreen.storyboard */,
				6507F36422A7012100E446E2 /* SceneDelegate.swift */,
				65FF677C22AD487B0001B2C6 /* Config */,
				6507F37022A7012600E446E2 /* Info.plist */,
				65FF677622AD405F0001B2C6 /* Models */,
				6568C60C22AD3EED00ACED09 /* Components */,
				65FF677B22AD48630001B2C6 /* Resources */,
				6507F36A22A7012600E446E2 /* Preview Content */,
			);
			path = Landmarks;
			sourceTree = "<group>";
		};
		6507F36A22A7012600E446E2 /* Preview Content */ = {
			isa = PBXGroup;
			children = (
				6507F36B22A7012600E446E2 /* Preview Assets.xcassets */,
			);
			path = "Preview Content";
			sourceTree = "<group>";
		};
		6507F37822A7012600E446E2 /* LandmarksTests */ = {
			isa = PBXGroup;
			children = (
				6507F37922A7012600E446E2 /* LandmarksTests.swift */,
				6507F37B22A7012600E446E2 /* Info.plist */,
			);
			path = LandmarksTests;
			sourceTree = "<group>";
		};
		6507F38322A7012600E446E2 /* LandmarksUITests */ = {
			isa = PBXGroup;
			children = (
				6507F38422A7012600E446E2 /* LandmarksUITests.swift */,
				6507F38622A7012600E446E2 /* Info.plist */,
			);
			path = LandmarksUITests;
			sourceTree = "<group>";
		};
		6568C60C22AD3EED00ACED09 /* Components */ = {
			isa = PBXGroup;
			children = (
				65FF677F22AD4A9F0001B2C6 /* TableView */,
				6568C60D22AD3F0400ACED09 /* DetailView */,
			);
			path = Components;
			sourceTree = "<group>";
		};
		6568C60D22AD3F0400ACED09 /* DetailView */ = {
			isa = PBXGroup;
			children = (
				6507F36622A7012100E446E2 /* LandmarkDetail.swift */,
				651FA65922AD1BA900009733 /* CircleImage.swift */,
				6568C60A22AD1F5400ACED09 /* MapView.swift */,
			);
			path = DetailView;
			sourceTree = "<group>";
		};
		65FF677622AD405F0001B2C6 /* Models */ = {
			isa = PBXGroup;
			children = (
				65FF677722AD40880001B2C6 /* Landmark.swift */,
				65FF678222ADECAA0001B2C6 /* Data.swift */,
			);
			name = Models;
			path = Components/Models;
			sourceTree = "<group>";
		};
		65FF677B22AD48630001B2C6 /* Resources */ = {
			isa = PBXGroup;
			children = (
				65FF677922AD47DA0001B2C6 /* landmarkData.json */,
				65FF678822AF1A930001B2C6 /* chilkoottrail.jpg */,
				65FF679122AF1A940001B2C6 /* chincoteague.jpg */,
				65FF678B22AF1A940001B2C6 /* hiddenlake.jpg */,
				65FF678622AF1A930001B2C6 /* icybay.jpg */,
				65FF679022AF1A940001B2C6 /* lakemcdonald.jpg */,
				65FF678A22AF1A930001B2C6 /* rainbowlake.jpg */,
				65FF678F22AF1A940001B2C6 /* silversalmoncreek.jpg */,
				65FF678C22AF1A940001B2C6 /* stmarylake.jpg */,
				65FF678D22AF1A940001B2C6 /* turtlerock.jpg */,
				65FF678722AF1A930001B2C6 /* twinlake.jpg */,
				65FF678922AF1A930001B2C6 /* umbagog.jpg */,
				65FF678E22AF1A940001B2C6 /* yukon_charleyrivers.jpg */,
			);
			path = Resources;
			sourceTree = "<group>";
		};
		65FF677C22AD487B0001B2C6 /* Config */ = {
			isa = PBXGroup;
			children = (
				6507F36222A7012100E446E2 /* AppDelegate.swift */,
			);
			path = Config;
			sourceTree = "<group>";
		};
		65FF677F22AD4A9F0001B2C6 /* TableView */ = {
			isa = PBXGroup;
			children = (
				65F308A322AFD19000CE620B /* LandmarkList.swift */,
				65FF677D22AD48D50001B2C6 /* LandmarkRow.swift */,
			);
			path = TableView;
			sourceTree = "<group>";
		};
/* End PBXGroup section */

/* Begin PBXNativeTarget section */
		6507F35E22A7012000E446E2 /* Landmarks */ = {
			isa = PBXNativeTarget;
			buildConfigurationList = 6507F38922A7012600E446E2 /* Build configuration list for PBXNativeTarget "Landmarks" */;
			buildPhases = (
				6507F35B22A7012000E446E2 /* Sources */,
				6507F35C22A7012000E446E2 /* Frameworks */,
				6507F35D22A7012000E446E2 /* Resources */,
			);
			buildRules = (
			);
			dependencies = (
			);
			name = Landmarks;
			productName = Landmarks;
			productReference = 6507F35F22A7012100E446E2 /* Landmarks.app */;
			productType = "com.apple.product-type.application";
		};
		6507F37422A7012600E446E2 /* LandmarksTests */ = {
			isa = PBXNativeTarget;
			buildConfigurationList = 6507F38C22A7012600E446E2 /* Build configuration list for PBXNativeTarget "LandmarksTests" */;
			buildPhases = (
				6507F37122A7012600E446E2 /* Sources */,
				6507F37222A7012600E446E2 /* Frameworks */,
				6507F37322A7012600E446E2 /* Resources */,
			);
			buildRules = (
			);
			dependencies = (
				6507F37722A7012600E446E2 /* PBXTargetDependency */,
			);
			name = LandmarksTests;
			productName = LandmarksTests;
			productReference = 6507F37522A7012600E446E2 /* LandmarksTests.xctest */;
			productType = "com.apple.product-type.bundle.unit-test";
		};
		6507F37F22A7012600E446E2 /* LandmarksUITests */ = {
			isa = PBXNativeTarget;
			buildConfigurationList = 6507F38F22A7012600E446E2 /* Build configuration list for PBXNativeTarget "LandmarksUITests" */;
			buildPhases = (
				6507F37C22A7012600E446E2 /* Sources */,
				6507F37D22A7012600E446E2 /* Frameworks */,
				6507F37E22A7012600E446E2 /* Resources */,
			);
			buildRules = (
			);
			dependencies = (
				6507F38222A7012600E446E2 /* PBXTargetDependency */,
			);
			name = LandmarksUITests;
			productName = LandmarksUITests;
			productReference = 6507F38022A7012600E446E2 /* LandmarksUITests.xctest */;
			productType = "com.apple.product-type.bundle.ui-testing";
		};
/* End PBXNativeTarget section */

/* Begin PBXProject section */
		6507F35722A7012000E446E2 /* Project object */ = {
			isa = PBXProject;
			attributes = {
				LastSwiftUpdateCheck = 1100;
				LastUpgradeCheck = 1100;
				ORGANIZATIONNAME = "小野瀬萌";
				TargetAttributes = {
					6507F35E22A7012000E446E2 = {
						CreatedOnToolsVersion = 11.0;
					};
					6507F37422A7012600E446E2 = {
						CreatedOnToolsVersion = 11.0;
						TestTargetID = 6507F35E22A7012000E446E2;
					};
					6507F37F22A7012600E446E2 = {
						CreatedOnToolsVersion = 11.0;
						TestTargetID = 6507F35E22A7012000E446E2;
					};
				};
			};
			buildConfigurationList = 6507F35A22A7012000E446E2 /* Build configuration list for PBXProject "Landmarks" */;
			compatibilityVersion = "Xcode 9.3";
			developmentRegion = en;
			hasScannedForEncodings = 0;
			knownRegions = (
				en,
				Base,
			);
			mainGroup = 6507F35622A7012000E446E2;
			productRefGroup = 6507F36022A7012100E446E2 /* Products */;
			projectDirPath = "";
			projectRoot = "";
			targets = (
				6507F35E22A7012000E446E2 /* Landmarks */,
				6507F37422A7012600E446E2 /* LandmarksTests */,
				6507F37F22A7012600E446E2 /* LandmarksUITests */,
			);
		};
/* End PBXProject section */

/* Begin PBXResourcesBuildPhase section */
		6507F35D22A7012000E446E2 /* Resources */ = {
			isa = PBXResourcesBuildPhase;
			buildActionMask = 2147483647;
			files = (
				65FF679322AF1A940001B2C6 /* twinlake.jpg in Resources */,
				6507F36F22A7012600E446E2 /* LaunchScreen.storyboard in Resources */,
				65FF679422AF1A940001B2C6 /* chilkoottrail.jpg in Resources */,
				65FF677A22AD47DA0001B2C6 /* landmarkData.json in Resources */,
				65FF679522AF1A940001B2C6 /* umbagog.jpg in Resources */,
				65FF678522AF1A6A0001B2C6 /* Assets.xcassets in Resources */,
				65FF679C22AF1A940001B2C6 /* lakemcdonald.jpg in Resources */,
				65FF679222AF1A940001B2C6 /* icybay.jpg in Resources */,
				65FF679622AF1A940001B2C6 /* rainbowlake.jpg in Resources */,
				65FF679922AF1A940001B2C6 /* turtlerock.jpg in Resources */,
				65FF679722AF1A940001B2C6 /* hiddenlake.jpg in Resources */,
				65FF679822AF1A940001B2C6 /* stmarylake.jpg in Resources */,
				65FF679B22AF1A940001B2C6 /* silversalmoncreek.jpg in Resources */,
				6507F36C22A7012600E446E2 /* Preview Assets.xcassets in Resources */,
				65FF679D22AF1A940001B2C6 /* chincoteague.jpg in Resources */,
				65FF679A22AF1A940001B2C6 /* yukon_charleyrivers.jpg in Resources */,
			);
			runOnlyForDeploymentPostprocessing = 0;
		};
		6507F37322A7012600E446E2 /* Resources */ = {
			isa = PBXResourcesBuildPhase;
			buildActionMask = 2147483647;
			files = (
			);
			runOnlyForDeploymentPostprocessing = 0;
		};
		6507F37E22A7012600E446E2 /* Resources */ = {
			isa = PBXResourcesBuildPhase;
			buildActionMask = 2147483647;
			files = (
			);
			runOnlyForDeploymentPostprocessing = 0;
		};
/* End PBXResourcesBuildPhase section */

/* Begin PBXSourcesBuildPhase section */
		6507F35B22A7012000E446E2 /* Sources */ = {
			isa = PBXSourcesBuildPhase;
			buildActionMask = 2147483647;
			files = (
				6507F36322A7012100E446E2 /* AppDelegate.swift in Sources */,
				651FA65A22AD1BA900009733 /* CircleImage.swift in Sources */,
				6568C60B22AD1F5400ACED09 /* MapView.swift in Sources */,
				6507F36522A7012100E446E2 /* SceneDelegate.swift in Sources */,
				65F308A422AFD19000CE620B /* LandmarkList.swift in Sources */,
				6507F36722A7012100E446E2 /* LandmarkDetail.swift in Sources */,
				65FF677E22AD48D50001B2C6 /* LandmarkRow.swift in Sources */,
				65FF677822AD40880001B2C6 /* Landmark.swift in Sources */,
				65FF678322ADECAA0001B2C6 /* Data.swift in Sources */,
			);
			runOnlyForDeploymentPostprocessing = 0;
		};
		6507F37122A7012600E446E2 /* Sources */ = {
			isa = PBXSourcesBuildPhase;
			buildActionMask = 2147483647;
			files = (
				6507F37A22A7012600E446E2 /* LandmarksTests.swift in Sources */,
			);
			runOnlyForDeploymentPostprocessing = 0;
		};
		6507F37C22A7012600E446E2 /* Sources */ = {
			isa = PBXSourcesBuildPhase;
			buildActionMask = 2147483647;
			files = (
				6507F38522A7012600E446E2 /* LandmarksUITests.swift in Sources */,
			);
			runOnlyForDeploymentPostprocessing = 0;
		};
/* End PBXSourcesBuildPhase section */

/* Begin PBXTargetDependency section */
		6507F37722A7012600E446E2 /* PBXTargetDependency */ = {
			isa = PBXTargetDependency;
			target = 6507F35E22A7012000E446E2 /* Landmarks */;
			targetProxy = 6507F37622A7012600E446E2 /* PBXContainerItemProxy */;
		};
		6507F38222A7012600E446E2 /* PBXTargetDependency */ = {
			isa = PBXTargetDependency;
			target = 6507F35E22A7012000E446E2 /* Landmarks */;
			targetProxy = 6507F38122A7012600E446E2 /* PBXContainerItemProxy */;
		};
/* End PBXTargetDependency section */

/* Begin PBXVariantGroup section */
		6507F36D22A7012600E446E2 /* LaunchScreen.storyboard */ = {
			isa = PBXVariantGroup;
			children = (
				6507F36E22A7012600E446E2 /* Base */,
			);
			name = LaunchScreen.storyboard;
			sourceTree = "<group>";
		};
/* End PBXVariantGroup section */

/* Begin XCBuildConfiguration section */
		6507F38722A7012600E446E2 /* Debug */ = {
			isa = XCBuildConfiguration;
			buildSettings = {
				ALWAYS_SEARCH_USER_PATHS = NO;
				CLANG_ANALYZER_NONNULL = YES;
				CLANG_ANALYZER_NUMBER_OBJECT_CONVERSION = YES_AGGRESSIVE;
				CLANG_CXX_LANGUAGE_STANDARD = "gnu++14";
				CLANG_CXX_LIBRARY = "libc++";
				CLANG_ENABLE_MODULES = YES;
				CLANG_ENABLE_OBJC_ARC = YES;
				CLANG_ENABLE_OBJC_WEAK = YES;
				CLANG_WARN_BLOCK_CAPTURE_AUTORELEASING = YES;
				CLANG_WARN_BOOL_CONVERSION = YES;
				CLANG_WARN_COMMA = YES;
				CLANG_WARN_CONSTANT_CONVERSION = YES;
				CLANG_WARN_DEPRECATED_OBJC_IMPLEMENTATIONS = YES;
				CLANG_WARN_DIRECT_OBJC_ISA_USAGE = YES_ERROR;
				CLANG_WARN_DOCUMENTATION_COMMENTS = YES;
				CLANG_WARN_EMPTY_BODY = YES;
				CLANG_WARN_ENUM_CONVERSION = YES;
				CLANG_WARN_INFINITE_RECURSION = YES;
				CLANG_WARN_INT_CONVERSION = YES;
				CLANG_WARN_NON_LITERAL_NULL_CONVERSION = YES;
				CLANG_WARN_OBJC_IMPLICIT_RETAIN_SELF = YES;
				CLANG_WARN_OBJC_LITERAL_CONVERSION = YES;
				CLANG_WARN_OBJC_ROOT_CLASS = YES_ERROR;
				CLANG_WARN_RANGE_LOOP_ANALYSIS = YES;
				CLANG_WARN_STRICT_PROTOTYPES = YES;
				CLANG_WARN_SUSPICIOUS_MOVE = YES;
				CLANG_WARN_UNGUARDED_AVAILABILITY = YES_AGGRESSIVE;
				CLANG_WARN_UNREACHABLE_CODE = YES;
				CLANG_WARN__DUPLICATE_METHOD_MATCH = YES;
				COPY_PHASE_STRIP = NO;
				DEBUG_INFORMATION_FORMAT = dwarf;
				ENABLE_STRICT_OBJC_MSGSEND = YES;
				ENABLE_TESTABILITY = YES;
				GCC_C_LANGUAGE_STANDARD = gnu11;
				GCC_DYNAMIC_NO_PIC = NO;
				GCC_NO_COMMON_BLOCKS = YES;
				GCC_OPTIMIZATION_LEVEL = 0;
				GCC_PREPROCESSOR_DEFINITIONS = (
					"DEBUG=1",
					"$(inherited)",
				);
				GCC_WARN_64_TO_32_BIT_CONVERSION = YES;
				GCC_WARN_ABOUT_RETURN_TYPE = YES_ERROR;
				GCC_WARN_UNDECLARED_SELECTOR = YES;
				GCC_WARN_UNINITIALIZED_AUTOS = YES_AGGRESSIVE;
				GCC_WARN_UNUSED_FUNCTION = YES;
				GCC_WARN_UNUSED_VARIABLE = YES;
				IPHONEOS_DEPLOYMENT_TARGET = 13.0;
				MTL_ENABLE_DEBUG_INFO = INCLUDE_SOURCE;
				MTL_FAST_MATH = YES;
				ONLY_ACTIVE_ARCH = YES;
				SDKROOT = iphoneos;
				SWIFT_ACTIVE_COMPILATION_CONDITIONS = DEBUG;
				SWIFT_OPTIMIZATION_LEVEL = "-Onone";
			};
			name = Debug;
		};
		6507F38822A7012600E446E2 /* Release */ = {
			isa = XCBuildConfiguration;
			buildSettings = {
				ALWAYS_SEARCH_USER_PATHS = NO;
				CLANG_ANALYZER_NONNULL = YES;
				CLANG_ANALYZER_NUMBER_OBJECT_CONVERSION = YES_AGGRESSIVE;
				CLANG_CXX_LANGUAGE_STANDARD = "gnu++14";
				CLANG_CXX_LIBRARY = "libc++";
				CLANG_ENABLE_MODULES = YES;
				CLANG_ENABLE_OBJC_ARC = YES;
				CLANG_ENABLE_OBJC_WEAK = YES;
				CLANG_WARN_BLOCK_CAPTURE_AUTORELEASING = YES;
				CLANG_WARN_BOOL_CONVERSION = YES;
				CLANG_WARN_COMMA = YES;
				CLANG_WARN_CONSTANT_CONVERSION = YES;
				CLANG_WARN_DEPRECATED_OBJC_IMPLEMENTATIONS = YES;
				CLANG_WARN_DIRECT_OBJC_ISA_USAGE = YES_ERROR;
				CLANG_WARN_DOCUMENTATION_COMMENTS = YES;
				CLANG_WARN_EMPTY_BODY = YES;
				CLANG_WARN_ENUM_CONVERSION = YES;
				CLANG_WARN_INFINITE_RECURSION = YES;
				CLANG_WARN_INT_CONVERSION = YES;
				CLANG_WARN_NON_LITERAL_NULL_CONVERSION = YES;
				CLANG_WARN_OBJC_IMPLICIT_RETAIN_SELF = YES;
				CLANG_WARN_OBJC_LITERAL_CONVERSION = YES;
				CLANG_WARN_OBJC_ROOT_CLASS = YES_ERROR;
				CLANG_WARN_RANGE_LOOP_ANALYSIS = YES;
				CLANG_WARN_STRICT_PROTOTYPES = YES;
				CLANG_WARN_SUSPICIOUS_MOVE = YES;
				CLANG_WARN_UNGUARDED_AVAILABILITY = YES_AGGRESSIVE;
				CLANG_WARN_UNREACHABLE_CODE = YES;
				CLANG_WARN__DUPLICATE_METHOD_MATCH = YES;
				COPY_PHASE_STRIP = NO;
				DEBUG_INFORMATION_FORMAT = "dwarf-with-dsym";
				ENABLE_NS_ASSERTIONS = NO;
				ENABLE_STRICT_OBJC_MSGSEND = YES;
				GCC_C_LANGUAGE_STANDARD = gnu11;
				GCC_NO_COMMON_BLOCKS = YES;
				GCC_WARN_64_TO_32_BIT_CONVERSION = YES;
				GCC_WARN_ABOUT_RETURN_TYPE = YES_ERROR;
				GCC_WARN_UNDECLARED_SELECTOR = YES;
				GCC_WARN_UNINITIALIZED_AUTOS = YES_AGGRESSIVE;
				GCC_WARN_UNUSED_FUNCTION = YES;
				GCC_WARN_UNUSED_VARIABLE = YES;
				IPHONEOS_DEPLOYMENT_TARGET = 13.0;
				MTL_ENABLE_DEBUG_INFO = NO;
				MTL_FAST_MATH = YES;
				SDKROOT = iphoneos;
				SWIFT_COMPILATION_MODE = wholemodule;
				SWIFT_OPTIMIZATION_LEVEL = "-O";
				VALIDATE_PRODUCT = YES;
			};
			name = Release;
		};
		6507F38A22A7012600E446E2 /* Debug */ = {
			isa = XCBuildConfiguration;
			buildSettings = {
				ASSETCATALOG_COMPILER_APPICON_NAME = AppIcon;
				CODE_SIGN_STYLE = Automatic;
				DEVELOPMENT_ASSET_PATHS = "Landmarks/Preview\\ Content";
				ENABLE_PREVIEWS = YES;
				INFOPLIST_FILE = Landmarks/Info.plist;
				LD_RUNPATH_SEARCH_PATHS = (
					"$(inherited)",
					"@executable_path/Frameworks",
				);
				PRODUCT_BUNDLE_IDENTIFIER = ScrollTextField.Landmarks;
				PRODUCT_NAME = "$(TARGET_NAME)";
				SWIFT_VERSION = 5.0;
				TARGETED_DEVICE_FAMILY = "1,2";
			};
			name = Debug;
		};
		6507F38B22A7012600E446E2 /* Release */ = {
			isa = XCBuildConfiguration;
			buildSettings = {
				ASSETCATALOG_COMPILER_APPICON_NAME = AppIcon;
				CODE_SIGN_STYLE = Automatic;
				DEVELOPMENT_ASSET_PATHS = "Landmarks/Preview\\ Content";
				ENABLE_PREVIEWS = YES;
				INFOPLIST_FILE = Landmarks/Info.plist;
				LD_RUNPATH_SEARCH_PATHS = (
					"$(inherited)",
					"@executable_path/Frameworks",
				);
				PRODUCT_BUNDLE_IDENTIFIER = ScrollTextField.Landmarks;
				PRODUCT_NAME = "$(TARGET_NAME)";
				SWIFT_VERSION = 5.0;
				TARGETED_DEVICE_FAMILY = "1,2";
			};
			name = Release;
		};
		6507F38D22A7012600E446E2 /* Debug */ = {
			isa = XCBuildConfiguration;
			buildSettings = {
				ALWAYS_EMBED_SWIFT_STANDARD_LIBRARIES = YES;
				BUNDLE_LOADER = "$(TEST_HOST)";
				CODE_SIGN_STYLE = Automatic;
				INFOPLIST_FILE = LandmarksTests/Info.plist;
				LD_RUNPATH_SEARCH_PATHS = (
					"$(inherited)",
					"@executable_path/Frameworks",
					"@loader_path/Frameworks",
				);
				PRODUCT_BUNDLE_IDENTIFIER = ScrollTextField.LandmarksTests;
				PRODUCT_NAME = "$(TARGET_NAME)";
				SWIFT_VERSION = 5.0;
				TARGETED_DEVICE_FAMILY = "1,2";
				TEST_HOST = "$(BUILT_PRODUCTS_DIR)/Landmarks.app/Landmarks";
			};
			name = Debug;
		};
		6507F38E22A7012600E446E2 /* Release */ = {
			isa = XCBuildConfiguration;
			buildSettings = {
				ALWAYS_EMBED_SWIFT_STANDARD_LIBRARIES = YES;
				BUNDLE_LOADER = "$(TEST_HOST)";
				CODE_SIGN_STYLE = Automatic;
				INFOPLIST_FILE = LandmarksTests/Info.plist;
				LD_RUNPATH_SEARCH_PATHS = (
					"$(inherited)",
					"@executable_path/Frameworks",
					"@loader_path/Frameworks",
				);
				PRODUCT_BUNDLE_IDENTIFIER = ScrollTextField.LandmarksTests;
				PRODUCT_NAME = "$(TARGET_NAME)";
				SWIFT_VERSION = 5.0;
				TARGETED_DEVICE_FAMILY = "1,2";
				TEST_HOST = "$(BUILT_PRODUCTS_DIR)/Landmarks.app/Landmarks";
			};
			name = Release;
		};
		6507F39022A7012600E446E2 /* Debug */ = {
			isa = XCBuildConfiguration;
			buildSettings = {
				ALWAYS_EMBED_SWIFT_STANDARD_LIBRARIES = YES;
				CODE_SIGN_STYLE = Automatic;
				INFOPLIST_FILE = LandmarksUITests/Info.plist;
				LD_RUNPATH_SEARCH_PATHS = (
					"$(inherited)",
					"@executable_path/Frameworks",
					"@loader_path/Frameworks",
				);
				PRODUCT_BUNDLE_IDENTIFIER = ScrollTextField.LandmarksUITests;
				PRODUCT_NAME = "$(TARGET_NAME)";
				SWIFT_VERSION = 5.0;
				TARGETED_DEVICE_FAMILY = "1,2";
				TEST_TARGET_NAME = Landmarks;
			};
			name = Debug;
		};
		6507F39122A7012600E446E2 /* Release */ = {
			isa = XCBuildConfiguration;
			buildSettings = {
				ALWAYS_EMBED_SWIFT_STANDARD_LIBRARIES = YES;
				CODE_SIGN_STYLE = Automatic;
				INFOPLIST_FILE = LandmarksUITests/Info.plist;
				LD_RUNPATH_SEARCH_PATHS = (
					"$(inherited)",
					"@executable_path/Frameworks",
					"@loader_path/Frameworks",
				);
				PRODUCT_BUNDLE_IDENTIFIER = ScrollTextField.LandmarksUITests;
				PRODUCT_NAME = "$(TARGET_NAME)";
				SWIFT_VERSION = 5.0;
				TARGETED_DEVICE_FAMILY = "1,2";
				TEST_TARGET_NAME = Landmarks;
			};
			name = Release;
		};
/* End XCBuildConfiguration section */

/* Begin XCConfigurationList section */
		6507F35A22A7012000E446E2 /* Build configuration list for PBXProject "Landmarks" */ = {
			isa = XCConfigurationList;
			buildConfigurations = (
				6507F38722A7012600E446E2 /* Debug */,
				6507F38822A7012600E446E2 /* Release */,
			);
			defaultConfigurationIsVisible = 0;
			defaultConfigurationName = Release;
		};
		6507F38922A7012600E446E2 /* Build configuration list for PBXNativeTarget "Landmarks" */ = {
			isa = XCConfigurationList;
			buildConfigurations = (
				6507F38A22A7012600E446E2 /* Debug */,
				6507F38B22A7012600E446E2 /* Release */,
			);
			defaultConfigurationIsVisible = 0;
			defaultConfigurationName = Release;
		};
		6507F38C22A7012600E446E2 /* Build configuration list for PBXNativeTarget "LandmarksTests" */ = {
			isa = XCConfigurationList;
			buildConfigurations = (
				6507F38D22A7012600E446E2 /* Debug */,
				6507F38E22A7012600E446E2 /* Release */,
			);
			defaultConfigurationIsVisible = 0;
			defaultConfigurationName = Release;
		};
		6507F38F22A7012600E446E2 /* Build configuration list for PBXNativeTarget "LandmarksUITests" */ = {
			isa = XCConfigurationList;
			buildConfigurations = (
				6507F39022A7012600E446E2 /* Debug */,
				6507F39122A7012600E446E2 /* Release */,
			);
			defaultConfigurationIsVisible = 0;
			defaultConfigurationName = Release;
		};
/* End XCConfigurationList section */
	};
	rootObject = 6507F35722A7012000E446E2 /* Project object */;
}
